
Microsoft Visual Studio Solution File, Format Version 12.00
# Visual Studio Version 17
VisualStudioVersion = 17.14.36511.14
MinimumVisualStudioVersion = 10.0.40219.1
Project("{FAE04EC0-301F-11D3-BF4B-00C04F79EFBC}") = "Sensing4U_v2.0", "Sensing4U_v2.0.csproj", "{52F0B2AC-86A9-4F36-9880-1AB4ADC33741}"
EndProject
Project("{FAE04EC0-301F-11D3-BF4B-00C04F79EFBC}") = "SensingProjectTest", "..\SensingProjectTest\SensingProjectTest.csproj", "{CBD37EFD-CF3F-48F2-B2E2-02CD7DF1D354}"
EndProject
Global
	GlobalSection(SolutionConfigurationPlatforms) = preSolution
		Debug|Any CPU = Debug|Any CPU
		Release|Any CPU = Release|Any CPU
	EndGlobalSection
	GlobalSection(ProjectConfigurationPlatforms) = postSolution
		{52F0B2AC-86A9-4F36-9880-1AB4ADC33741}.Debug|Any CPU.ActiveCfg = Debug|Any CPU
		{52F0B2AC-86A9-4F36-9880-1AB4ADC33741}.Debug|Any CPU.Build.0 = Debug|Any CPU
		{52F0B2AC-86A9-4F36-9880-1AB4ADC33741}.Release|Any CPU.ActiveCfg = Release|Any CPU
		{52F0B2AC-86A9-4F36-9880-1AB4ADC33741}.Release|Any CPU.Build.0 = Release|Any CPU
		{CBD37EFD-CF3F-48F2-B2E2-02CD7DF1D354}.Debug|Any CPU.ActiveCfg = Debug|Any CPU
		{CBD37EFD-CF3F-48F2-B2E2-02CD7DF1D354}.Debug|Any CPU.Build.0 = Debug|Any CPU
		{CBD37EFD-CF3F-48F2-B2E2-02CD7DF1D354}.Release|Any CPU.ActiveCfg = Release|Any CPU
		{CBD37EFD-CF3F-48F2-B2E2-02CD7DF1D354}.Release|Any CPU.Build.0 = Release|Any CPU
	EndGlobalSection
	GlobalSection(SolutionProperties) = preSolution
		HideSolutionNode = FALSE
	EndGlobalSection
	GlobalSection(ExtensibilityGlobals) = postSolution
		SolutionGuid = {34A9F475-55A1-491B-9587-EDAC3EADABB2}
	EndGlobalSection
EndGlobal
